// !$*UTF8*$!
{
	archiveVersion = 1;
	classes = {
	};
	objectVersion = 46;
	objects = {

/* Begin PBXBuildFile section */
		4E2F721A1D09D82B00BE868A /* bg_blue@2x.png in Resources */ = {isa = PBXBuildFile; fileRef = 4E2F72151D09D82B00BE868A /* bg_blue@2x.png */; };
		4E2F721B1D09D82B00BE868A /* bg_gold@2x.png in Resources */ = {isa = PBXBuildFile; fileRef = 4E2F72161D09D82B00BE868A /* bg_gold@2x.png */; };
		4E2F721C1D09D82B00BE868A /* bg_red@2x.png in Resources */ = {isa = PBXBuildFile; fileRef = 4E2F72171D09D82B00BE868A /* bg_red@2x.png */; };
		4E2F721D1D09D82B00BE868A /* gacha@2x (1).png in Resources */ = {isa = PBXBuildFile; fileRef = 4E2F72181D09D82B00BE868A /* gacha@2x (1).png */; };
		4E2F721E1D09D82B00BE868A /* gacha@2x.png in Resources */ = {isa = PBXBuildFile; fileRef = 4E2F72191D09D82B00BE868A /* gacha@2x.png */; };
		4E2F72291D09D85D00BE868A /* monster001.png in Resources */ = {isa = PBXBuildFile; fileRef = 4E2F721F1D09D85C00BE868A /* monster001.png */; };
		4E2F722A1D09D85D00BE868A /* monster002.png in Resources */ = {isa = PBXBuildFile; fileRef = 4E2F72201D09D85C00BE868A /* monster002.png */; };
		4E2F722B1D09D85D00BE868A /* monster003.png in Resources */ = {isa = PBXBuildFile; fileRef = 4E2F72211D09D85C00BE868A /* monster003.png */; };
		4E2F722C1D09D85D00BE868A /* monster004.png in Resources */ = {isa = PBXBuildFile; fileRef = 4E2F72221D09D85C00BE868A /* monster004.png */; };
		4E2F722D1D09D85D00BE868A /* monster005.png in Resources */ = {isa = PBXBuildFile; fileRef = 4E2F72231D09D85C00BE868A /* monster005.png */; };
		4E2F722E1D09D85D00BE868A /* monster006.png in Resources */ = {isa = PBXBuildFile; fileRef = 4E2F72241D09D85C00BE868A /* monster006.png */; };
		4E2F722F1D09D85D00BE868A /* monster007.png in Resources */ = {isa = PBXBuildFile; fileRef = 4E2F72251D09D85C00BE868A /* monster007.png */; };
		4E2F72301D09D85D00BE868A /* monster008.png in Resources */ = {isa = PBXBuildFile; fileRef = 4E2F72261D09D85D00BE868A /* monster008.png */; };
		4E2F72311D09D85D00BE868A /* monster009.png in Resources */ = {isa = PBXBuildFile; fileRef = 4E2F72271D09D85D00BE868A /* monster009.png */; };
		4E2F72321D09D85D00BE868A /* monster010.png in Resources */ = {isa = PBXBuildFile; fileRef = 4E2F72281D09D85D00BE868A /* monster010.png */; };
		4E9A698C1D06AD7900392318 /* AppDelegate.swift in Sources */ = {isa = PBXBuildFile; fileRef = 4E9A698B1D06AD7900392318 /* AppDelegate.swift */; };
		4E9A698E1D06AD7900392318 /* ViewController.swift in Sources */ = {isa = PBXBuildFile; fileRef = 4E9A698D1D06AD7900392318 /* ViewController.swift */; };
		4E9A69911D06AD7900392318 /* Main.storyboard in Resources */ = {isa = PBXBuildFile; fileRef = 4E9A698F1D06AD7900392318 /* Main.storyboard */; };
		4E9A69931D06AD7900392318 /* Assets.xcassets in Resources */ = {isa = PBXBuildFile; fileRef = 4E9A69921D06AD7900392318 /* Assets.xcassets */; };
		4E9A69961D06AD7900392318 /* LaunchScreen.storyboard in Resources */ = {isa = PBXBuildFile; fileRef = 4E9A69941D06AD7900392318 /* LaunchScreen.storyboard */; };
		4E9A69A11D06AD7900392318 /* GachaTests.swift in Sources */ = {isa = PBXBuildFile; fileRef = 4E9A69A01D06AD7900392318 /* GachaTests.swift */; };
		4E9A69AC1D06AD7900392318 /* GachaUITests.swift in Sources */ = {isa = PBXBuildFile; fileRef = 4E9A69AB1D06AD7900392318 /* GachaUITests.swift */; };
		4E9A69BC1D06AF4400392318 /* ResultViewController.swift in Sources */ = {isa = PBXBuildFile; fileRef = 4E9A69BB1D06AF4400392318 /* ResultViewController.swift */; };
/* End PBXBuildFile section */

/* Begin PBXContainerItemProxy section */
		4E9A699D1D06AD7900392318 /* PBXContainerItemProxy */ = {
			isa = PBXContainerItemProxy;
			containerPortal = 4E9A69801D06AD7800392318 /* Project object */;
			proxyType = 1;
			remoteGlobalIDString = 4E9A69871D06AD7800392318;
			remoteInfo = Gacha;
		};
		4E9A69A81D06AD7900392318 /* PBXContainerItemProxy */ = {
			isa = PBXContainerItemProxy;
			containerPortal = 4E9A69801D06AD7800392318 /* Project object */;
			proxyType = 1;
			remoteGlobalIDString = 4E9A69871D06AD7800392318;
			remoteInfo = Gacha;
		};
/* End PBXContainerItemProxy section */

/* Begin PBXFileReference section */
		4E2F72151D09D82B00BE868A /* bg_blue@2x.png */ = {isa = PBXFileReference; lastKnownFileType = image.png; path = "bg_blue@2x.png"; sourceTree = "<group>"; };
		4E2F72161D09D82B00BE868A /* bg_gold@2x.png */ = {isa = PBXFileReference; lastKnownFileType = image.png; path = "bg_gold@2x.png"; sourceTree = "<group>"; };
		4E2F72171D09D82B00BE868A /* bg_red@2x.png */ = {isa = PBXFileReference; lastKnownFileType = image.png; path = "bg_red@2x.png"; sourceTree = "<group>"; };
		4E2F72181D09D82B00BE868A /* gacha@2x (1).png */ = {isa = PBXFileReference; lastKnownFileType = image.png; path = "gacha@2x (1).png"; sourceTree = "<group>"; };
		4E2F72191D09D82B00BE868A /* gacha@2x.png */ = {isa = PBXFileReference; lastKnownFileType = image.png; path = "gacha@2x.png"; sourceTree = "<group>"; };
		4E2F721F1D09D85C00BE868A /* monster001.png */ = {isa = PBXFileReference; lastKnownFileType = image.png; path = monster001.png; sourceTree = "<group>"; };
		4E2F72201D09D85C00BE868A /* monster002.png */ = {isa = PBXFileReference; lastKnownFileType = image.png; path = monster002.png; sourceTree = "<group>"; };
		4E2F72211D09D85C00BE868A /* monster003.png */ = {isa = PBXFileReference; lastKnownFileType = image.png; path = monster003.png; sourceTree = "<group>"; };
		4E2F72221D09D85C00BE868A /* monster004.png */ = {isa = PBXFileReference; lastKnownFileType = image.png; path = monster004.png; sourceTree = "<group>"; };
		4E2F72231D09D85C00BE868A /* monster005.png */ = {isa = PBXFileReference; lastKnownFileType = image.png; path = monster005.png; sourceTree = "<group>"; };
		4E2F72241D09D85C00BE868A /* monster006.png */ = {isa = PBXFileReference; lastKnownFileType = image.png; path = monster006.png; sourceTree = "<group>"; };
		4E2F72251D09D85C00BE868A /* monster007.png */ = {isa = PBXFileReference; lastKnownFileType = image.png; path = monster007.png; sourceTree = "<group>"; };
		4E2F72261D09D85D00BE868A /* monster008.png */ = {isa = PBXFileReference; lastKnownFileType = image.png; path = monster008.png; sourceTree = "<group>"; };
		4E2F72271D09D85D00BE868A /* monster009.png */ = {isa = PBXFileReference; lastKnownFileType = image.png; path = monster009.png; sourceTree = "<group>"; };
		4E2F72281D09D85D00BE868A /* monster010.png */ = {isa = PBXFileReference; lastKnownFileType = image.png; path = monster010.png; sourceTree = "<group>"; };
		4E9A69881D06AD7900392318 /* Gacha.app */ = {isa = PBXFileReference; explicitFileType = wrapper.application; includeInIndex = 0; path = Gacha.app; sourceTree = BUILT_PRODUCTS_DIR; };
		4E9A698B1D06AD7900392318 /* AppDelegate.swift */ = {isa = PBXFileReference; lastKnownFileType = sourcecode.swift; path = AppDelegate.swift; sourceTree = "<group>"; };
		4E9A698D1D06AD7900392318 /* ViewController.swift */ = {isa = PBXFileReference; lastKnownFileType = sourcecode.swift; path = ViewController.swift; sourceTree = "<group>"; };
		4E9A69901D06AD7900392318 /* Base */ = {isa = PBXFileReference; lastKnownFileType = file.storyboard; name = Base; path = Base.lproj/Main.storyboard; sourceTree = "<group>"; };
		4E9A69921D06AD7900392318 /* Assets.xcassets */ = {isa = PBXFileReference; lastKnownFileType = folder.assetcatalog; path = Assets.xcassets; sourceTree = "<group>"; };
		4E9A69951D06AD7900392318 /* Base */ = {isa = PBXFileReference; lastKnownFileType = file.storyboard; name = Base; path = Base.lproj/LaunchScreen.storyboard; sourceTree = "<group>"; };
		4E9A69971D06AD7900392318 /* Info.plist */ = {isa = PBXFileReference; lastKnownFileType = text.plist.xml; path = Info.plist; sourceTree = "<group>"; };
		4E9A699C1D06AD7900392318 /* GachaTests.xctest */ = {isa = PBXFileReference; explicitFileType = wrapper.cfbundle; includeInIndex = 0; path = GachaTests.xctest; sourceTree = BUILT_PRODUCTS_DIR; };
		4E9A69A01D06AD7900392318 /* GachaTests.swift */ = {isa = PBXFileReference; lastKnownFileType = sourcecode.swift; path = GachaTests.swift; sourceTree = "<group>"; };
		4E9A69A21D06AD7900392318 /* Info.plist */ = {isa = PBXFileReference; lastKnownFileType = text.plist.xml; path = Info.plist; sourceTree = "<group>"; };
		4E9A69A71D06AD7900392318 /* GachaUITests.xctest */ = {isa = PBXFileReference; explicitFileType = wrapper.cfbundle; includeInIndex = 0; path = GachaUITests.xctest; sourceTree = BUILT_PRODUCTS_DIR; };
		4E9A69AB1D06AD7900392318 /* GachaUITests.swift */ = {isa = PBXFileReference; lastKnownFileType = sourcecode.swift; path = GachaUITests.swift; sourceTree = "<group>"; };
		4E9A69AD1D06AD7900392318 /* Info.plist */ = {isa = PBXFileReference; lastKnownFileType = text.plist.xml; path = Info.plist; sourceTree = "<group>"; };
		4E9A69BB1D06AF4400392318 /* ResultViewController.swift */ = {isa = PBXFileReference; fileEncoding = 4; lastKnownFileType = sourcecode.swift; path = ResultViewController.swift; sourceTree = "<group>"; };
/* End PBXFileReference section */

/* Begin PBXFrameworksBuildPhase section */
		4E9A69851D06AD7800392318 /* Frameworks */ = {
			isa = PBXFrameworksBuildPhase;
			buildActionMask = 2147483647;
			files = (
			);
			runOnlyForDeploymentPostprocessing = 0;
		};
		4E9A69991D06AD7900392318 /* Frameworks */ = {
			isa = PBXFrameworksBuildPhase;
			buildActionMask = 2147483647;
			files = (
			);
			runOnlyForDeploymentPostprocessing = 0;
		};
		4E9A69A41D06AD7900392318 /* Frameworks */ = {
			isa = PBXFrameworksBuildPhase;
			buildActionMask = 2147483647;
			files = (
			);
			runOnlyForDeploymentPostprocessing = 0;
		};
/* End PBXFrameworksBuildPhase section */

/* Begin PBXGroup section */
		4E9A697F1D06AD7800392318 = {
			isa = PBXGroup;
			children = (
				4E9A698A1D06AD7900392318 /* Gacha */,
				4E9A699F1D06AD7900392318 /* GachaTests */,
				4E9A69AA1D06AD7900392318 /* GachaUITests */,
				4E9A69891D06AD7900392318 /* Products */,
			);
			sourceTree = "<group>";
		};
		4E9A69891D06AD7900392318 /* Products */ = {
			isa = PBXGroup;
			children = (
				4E9A69881D06AD7900392318 /* Gacha.app */,
				4E9A699C1D06AD7900392318 /* GachaTests.xctest */,
				4E9A69A71D06AD7900392318 /* GachaUITests.xctest */,
			);
			name = Products;
			sourceTree = "<group>";
		};
		4E9A698A1D06AD7900392318 /* Gacha */ = {
			isa = PBXGroup;
			children = (
				4E2F721F1D09D85C00BE868A /* monster001.png */,
				4E2F72201D09D85C00BE868A /* monster002.png */,
				4E2F72211D09D85C00BE868A /* monster003.png */,
				4E2F72221D09D85C00BE868A /* monster004.png */,
				4E2F72231D09D85C00BE868A /* monster005.png */,
				4E2F72241D09D85C00BE868A /* monster006.png */,
				4E2F72251D09D85C00BE868A /* monster007.png */,
				4E2F72261D09D85D00BE868A /* monster008.png */,
				4E2F72271D09D85D00BE868A /* monster009.png */,
				4E2F72281D09D85D00BE868A /* monster010.png */,
				4E2F72151D09D82B00BE868A /* bg_blue@2x.png */,
				4E2F72161D09D82B00BE868A /* bg_gold@2x.png */,
				4E2F72171D09D82B00BE868A /* bg_red@2x.png */,
				4E2F72181D09D82B00BE868A /* gacha@2x (1).png */,
				4E2F72191D09D82B00BE868A /* gacha@2x.png */,
				4E9A698B1D06AD7900392318 /* AppDelegate.swift */,
				4E9A698D1D06AD7900392318 /* ViewController.swift */,
				4E9A69BB1D06AF4400392318 /* ResultViewController.swift */,
				4E9A698F1D06AD7900392318 /* Main.storyboard */,
				4E9A69921D06AD7900392318 /* Assets.xcassets */,
				4E9A69941D06AD7900392318 /* LaunchScreen.storyboard */,
				4E9A69971D06AD7900392318 /* Info.plist */,
			);
			path = Gacha;
			sourceTree = "<group>";
		};
		4E9A699F1D06AD7900392318 /* GachaTests */ = {
			isa = PBXGroup;
			children = (
				4E9A69A01D06AD7900392318 /* GachaTests.swift */,
				4E9A69A21D06AD7900392318 /* Info.plist */,
			);
			path = GachaTests;
			sourceTree = "<group>";
		};
		4E9A69AA1D06AD7900392318 /* GachaUITests */ = {
			isa = PBXGroup;
			children = (
				4E9A69AB1D06AD7900392318 /* GachaUITests.swift */,
				4E9A69AD1D06AD7900392318 /* Info.plist */,
			);
			path = GachaUITests;
			sourceTree = "<group>";
		};
/* End PBXGroup section */

/* Begin PBXNativeTarget section */
		4E9A69871D06AD7800392318 /* Gacha */ = {
			isa = PBXNativeTarget;
			buildConfigurationList = 4E9A69B01D06AD7900392318 /* Build configuration list for PBXNativeTarget "Gacha" */;
			buildPhases = (
				4E9A69841D06AD7800392318 /* Sources */,
				4E9A69851D06AD7800392318 /* Frameworks */,
				4E9A69861D06AD7800392318 /* Resources */,
			);
			buildRules = (
			);
			dependencies = (
			);
			name = Gacha;
			productName = Gacha;
			productReference = 4E9A69881D06AD7900392318 /* Gacha.app */;
			productType = "com.apple.product-type.application";
		};
		4E9A699B1D06AD7900392318 /* GachaTests */ = {
			isa = PBXNativeTarget;
			buildConfigurationList = 4E9A69B31D06AD7900392318 /* Build configuration list for PBXNativeTarget "GachaTests" */;
			buildPhases = (
				4E9A69981D06AD7900392318 /* Sources */,
				4E9A69991D06AD7900392318 /* Frameworks */,
				4E9A699A1D06AD7900392318 /* Resources */,
			);
			buildRules = (
			);
			dependencies = (
				4E9A699E1D06AD7900392318 /* PBXTargetDependency */,
			);
			name = GachaTests;
			productName = GachaTests;
			productReference = 4E9A699C1D06AD7900392318 /* GachaTests.xctest */;
			productType = "com.apple.product-type.bundle.unit-test";
		};
		4E9A69A61D06AD7900392318 /* GachaUITests */ = {
			isa = PBXNativeTarget;
			buildConfigurationList = 4E9A69B61D06AD7900392318 /* Build configuration list for PBXNativeTarget "GachaUITests" */;
			buildPhases = (
				4E9A69A31D06AD7900392318 /* Sources */,
				4E9A69A41D06AD7900392318 /* Frameworks */,
				4E9A69A51D06AD7900392318 /* Resources */,
			);
			buildRules = (
			);
			dependencies = (
				4E9A69A91D06AD7900392318 /* PBXTargetDependency */,
			);
			name = GachaUITests;
			productName = GachaUITests;
			productReference = 4E9A69A71D06AD7900392318 /* GachaUITests.xctest */;
			productType = "com.apple.product-type.bundle.ui-testing";
		};
/* End PBXNativeTarget section */

/* Begin PBXProject section */
		4E9A69801D06AD7800392318 /* Project object */ = {
			isa = PBXProject;
			attributes = {
				LastSwiftUpdateCheck = 0730;
				LastUpgradeCheck = 0730;
				ORGANIZATIONNAME = shiba;
				TargetAttributes = {
					4E9A69871D06AD7800392318 = {
						CreatedOnToolsVersion = 7.3;
					};
					4E9A699B1D06AD7900392318 = {
						CreatedOnToolsVersion = 7.3;
						TestTargetID = 4E9A69871D06AD7800392318;
					};
					4E9A69A61D06AD7900392318 = {
						CreatedOnToolsVersion = 7.3;
						TestTargetID = 4E9A69871D06AD7800392318;
					};
				};
			};
			buildConfigurationList = 4E9A69831D06AD7800392318 /* Build configuration list for PBXProject "Gacha" */;
			compatibilityVersion = "Xcode 3.2";
			developmentRegion = English;
			hasScannedForEncodings = 0;
			knownRegions = (
				en,
				Base,
			);
			mainGroup = 4E9A697F1D06AD7800392318;
			productRefGroup = 4E9A69891D06AD7900392318 /* Products */;
			projectDirPath = "";
			projectRoot = "";
			targets = (
				4E9A69871D06AD7800392318 /* Gacha */,
				4E9A699B1D06AD7900392318 /* GachaTests */,
				4E9A69A61D06AD7900392318 /* GachaUITests */,
			);
		};
/* End PBXProject section */

/* Begin PBXResourcesBuildPhase section */
		4E9A69861D06AD7800392318 /* Resources */ = {
			isa = PBXResourcesBuildPhase;
			buildActionMask = 2147483647;
			files = (
				4E2F721C1D09D82B00BE868A /* bg_red@2x.png in Resources */,
				4E2F72301D09D85D00BE868A /* monster008.png in Resources */,
				4E2F722C1D09D85D00BE868A /* monster004.png in Resources */,
				4E9A69961D06AD7900392318 /* LaunchScreen.storyboard in Resources */,
				4E9A69931D06AD7900392318 /* Assets.xcassets in Resources */,
				4E2F722F1D09D85D00BE868A /* monster007.png in Resources */,
				4E2F72321D09D85D00BE868A /* monster010.png in Resources */,
				4E2F721D1D09D82B00BE868A /* gacha@2x (1).png in Resources */,
				4E2F722E1D09D85D00BE868A /* monster006.png in Resources */,
				4E2F721A1D09D82B00BE868A /* bg_blue@2x.png in Resources */,
				4E2F72311D09D85D00BE868A /* monster009.png in Resources */,
				4E2F721E1D09D82B00BE868A /* gacha@2x.png in Resources */,
				4E2F722D1D09D85D00BE868A /* monster005.png in Resources */,
				4E9A69911D06AD7900392318 /* Main.storyboard in Resources */,
				4E2F72291D09D85D00BE868A /* monster001.png in Resources */,
				4E2F722B1D09D85D00BE868A /* monster003.png in Resources */,
				4E2F721B1D09D82B00BE868A /* bg_gold@2x.png in Resources */,
				4E2F722A1D09D85D00BE868A /* monster002.png in Resources */,
			);
			runOnlyForDeploymentPostprocessing = 0;
		};
		4E9A699A1D06AD7900392318 /* Resources */ = {
			isa = PBXResourcesBuildPhase;
			buildActionMask = 2147483647;
			files = (
			);
			runOnlyForDeploymentPostprocessing = 0;
		};
		4E9A69A51D06AD7900392318 /* Resources */ = {
			isa = PBXResourcesBuildPhase;
			buildActionMask = 2147483647;
			files = (
			);
			runOnlyForDeploymentPostprocessing = 0;
		};
/* End PBXResourcesBuildPhase section */

/* Begin PBXSourcesBuildPhase section */
		4E9A69841D06AD7800392318 /* Sources */ = {
			isa = PBXSourcesBuildPhase;
			buildActionMask = 2147483647;
			files = (
				4E9A698E1D06AD7900392318 /* ViewController.swift in Sources */,
				4E9A698C1D06AD7900392318 /* AppDelegate.swift in Sources */,
				4E9A69BC1D06AF4400392318 /* ResultViewController.swift in Sources */,
			);
			runOnlyForDeploymentPostprocessing = 0;
		};
		4E9A69981D06AD7900392318 /* Sources */ = {
			isa = PBXSourcesBuildPhase;
			buildActionMask = 2147483647;
			files = (
				4E9A69A11D06AD7900392318 /* GachaTests.swift in Sources */,
			);
			runOnlyForDeploymentPostprocessing = 0;
		};
		4E9A69A31D06AD7900392318 /* Sources */ = {
			isa = PBXSourcesBuildPhase;
			buildActionMask = 2147483647;
			files = (
				4E9A69AC1D06AD7900392318 /* GachaUITests.swift in Sources */,
			);
			runOnlyForDeploymentPostprocessing = 0;
		};
/* End PBXSourcesBuildPhase section */

/* Begin PBXTargetDependency section */
		4E9A699E1D06AD7900392318 /* PBXTargetDependency */ = {
			isa = PBXTargetDependency;
			target = 4E9A69871D06AD7800392318 /* Gacha */;
			targetProxy = 4E9A699D1D06AD7900392318 /* PBXContainerItemProxy */;
		};
		4E9A69A91D06AD7900392318 /* PBXTargetDependency */ = {
			isa = PBXTargetDependency;
			target = 4E9A69871D06AD7800392318 /* Gacha */;
			targetProxy = 4E9A69A81D06AD7900392318 /* PBXContainerItemProxy */;
		};
/* End PBXTargetDependency section */

/* Begin PBXVariantGroup section */
		4E9A698F1D06AD7900392318 /* Main.storyboard */ = {
			isa = PBXVariantGroup;
			children = (
				4E9A69901D06AD7900392318 /* Base */,
			);
			name = Main.storyboard;
			sourceTree = "<group>";
		};
		4E9A69941D06AD7900392318 /* LaunchScreen.storyboard */ = {
			isa = PBXVariantGroup;
			children = (
				4E9A69951D06AD7900392318 /* Base */,
			);
			name = LaunchScreen.storyboard;
			sourceTree = "<group>";
		};
/* End PBXVariantGroup section */

/* Begin XCBuildConfiguration section */
		4E9A69AE1D06AD7900392318 /* Debug */ = {
			isa = XCBuildConfiguration;
			buildSettings = {
				ALWAYS_SEARCH_USER_PATHS = NO;
				CLANG_ANALYZER_NONNULL = YES;
				CLANG_CXX_LANGUAGE_STANDARD = "gnu++0x";
				CLANG_CXX_LIBRARY = "libc++";
				CLANG_ENABLE_MODULES = YES;
				CLANG_ENABLE_OBJC_ARC = YES;
				CLANG_WARN_BOOL_CONVERSION = YES;
				CLANG_WARN_CONSTANT_CONVERSION = YES;
				CLANG_WARN_DIRECT_OBJC_ISA_USAGE = YES_ERROR;
				CLANG_WARN_EMPTY_BODY = YES;
				CLANG_WARN_ENUM_CONVERSION = YES;
				CLANG_WARN_INT_CONVERSION = YES;
				CLANG_WARN_OBJC_ROOT_CLASS = YES_ERROR;
				CLANG_WARN_UNREACHABLE_CODE = YES;
				CLANG_WARN__DUPLICATE_METHOD_MATCH = YES;
				"CODE_SIGN_IDENTITY[sdk=iphoneos*]" = "iPhone Developer";
				COPY_PHASE_STRIP = NO;
				DEBUG_INFORMATION_FORMAT = dwarf;
				ENABLE_STRICT_OBJC_MSGSEND = YES;
				ENABLE_TESTABILITY = YES;
				GCC_C_LANGUAGE_STANDARD = gnu99;
				GCC_DYNAMIC_NO_PIC = NO;
				GCC_NO_COMMON_BLOCKS = YES;
				GCC_OPTIMIZATION_LEVEL = 0;
				GCC_PREPROCESSOR_DEFINITIONS = (
					"DEBUG=1",
					"$(inherited)",
				);
				GCC_WARN_64_TO_32_BIT_CONVERSION = YES;
				GCC_WARN_ABOUT_RETURN_TYPE = YES_ERROR;
				GCC_WARN_UNDECLARED_SELECTOR = YES;
				GCC_WARN_UNINITIALIZED_AUTOS = YES_AGGRESSIVE;
				GCC_WARN_UNUSED_FUNCTION = YES;
				GCC_WARN_UNUSED_VARIABLE = YES;
				IPHONEOS_DEPLOYMENT_TARGET = 9.3;
				MTL_ENABLE_DEBUG_INFO = YES;
				ONLY_ACTIVE_ARCH = YES;
				SDKROOT = iphoneos;
				SWIFT_OPTIMIZATION_LEVEL = "-Onone";
			};
			name = Debug;
		};
		4E9A69AF1D06AD7900392318 /* Release */ = {
			isa = XCBuildConfiguration;
			buildSettings = {
				ALWAYS_SEARCH_USER_PATHS = NO;
				CLANG_ANALYZER_NONNULL = YES;
				CLANG_CXX_LANGUAGE_STANDARD = "gnu++0x";
				CLANG_CXX_LIBRARY = "libc++";
				CLANG_ENABLE_MODULES = YES;
				CLANG_ENABLE_OBJC_ARC = YES;
				CLANG_WARN_BOOL_CONVERSION = YES;
				CLANG_WARN_CONSTANT_CONVERSION = YES;
				CLANG_WARN_DIRECT_OBJC_ISA_USAGE = YES_ERROR;
				CLANG_WARN_EMPTY_BODY = YES;
				CLANG_WARN_ENUM_CONVERSION = YES;
				CLANG_WARN_INT_CONVERSION = YES;
				CLANG_WARN_OBJC_ROOT_CLASS = YES_ERROR;
				CLANG_WARN_UNREACHABLE_CODE = YES;
				CLANG_WARN__DUPLICATE_METHOD_MATCH = YES;
				"CODE_SIGN_IDENTITY[sdk=iphoneos*]" = "iPhone Developer";
				COPY_PHASE_STRIP = NO;
				DEBUG_INFORMATION_FORMAT = "dwarf-with-dsym";
				ENABLE_NS_ASSERTIONS = NO;
				ENABLE_STRICT_OBJC_MSGSEND = YES;
				GCC_C_LANGUAGE_STANDARD = gnu99;
				GCC_NO_COMMON_BLOCKS = YES;
				GCC_WARN_64_TO_32_BIT_CONVERSION = YES;
				GCC_WARN_ABOUT_RETURN_TYPE = YES_ERROR;
				GCC_WARN_UNDECLARED_SELECTOR = YES;
				GCC_WARN_UNINITIALIZED_AUTOS = YES_AGGRESSIVE;
				GCC_WARN_UNUSED_FUNCTION = YES;
				GCC_WARN_UNUSED_VARIABLE = YES;
				IPHONEOS_DEPLOYMENT_TARGET = 9.3;
				MTL_ENABLE_DEBUG_INFO = NO;
				SDKROOT = iphoneos;
				VALIDATE_PRODUCT = YES;
			};
			name = Release;
		};
		4E9A69B11D06AD7900392318 /* Debug */ = {
			isa = XCBuildConfiguration;
			buildSettings = {
				ASSETCATALOG_COMPILER_APPICON_NAME = AppIcon;
				INFOPLIST_FILE = Gacha/Info.plist;
				LD_RUNPATH_SEARCH_PATHS = "$(inherited) @executable_path/Frameworks";
				PRODUCT_BUNDLE_IDENTIFIER = com.shiba.Gacha;
				PRODUCT_NAME = "$(TARGET_NAME)";
			};
			name = Debug;
		};
		4E9A69B21D06AD7900392318 /* Release */ = {
			isa = XCBuildConfiguration;
			buildSettings = {
				ASSETCATALOG_COMPILER_APPICON_NAME = AppIcon;
				INFOPLIST_FILE = Gacha/Info.plist;
				LD_RUNPATH_SEARCH_PATHS = "$(inherited) @executable_path/Frameworks";
				PRODUCT_BUNDLE_IDENTIFIER = com.shiba.Gacha;
				PRODUCT_NAME = "$(TARGET_NAME)";
			};
			name = Release;
		};
		4E9A69B41D06AD7900392318 /* Debug */ = {
			isa = XCBuildConfiguration;
			buildSettings = {
				BUNDLE_LOADER = "$(TEST_HOST)";
				INFOPLIST_FILE = GachaTests/Info.plist;
				LD_RUNPATH_SEARCH_PATHS = "$(inherited) @executable_path/Frameworks @loader_path/Frameworks";
				PRODUCT_BUNDLE_IDENTIFIER = com.shiba.GachaTests;
				PRODUCT_NAME = "$(TARGET_NAME)";
				TEST_HOST = "$(BUILT_PRODUCTS_DIR)/Gacha.app/Gacha";
			};
			name = Debug;
		};
		4E9A69B51D06AD7900392318 /* Release */ = {
			isa = XCBuildConfiguration;
			buildSettings = {
				BUNDLE_LOADER = "$(TEST_HOST)";
				INFOPLIST_FILE = GachaTests/Info.plist;
				LD_RUNPATH_SEARCH_PATHS = "$(inherited) @executable_path/Frameworks @loader_path/Frameworks";
				PRODUCT_BUNDLE_IDENTIFIER = com.shiba.GachaTests;
				PRODUCT_NAME = "$(TARGET_NAME)";
				TEST_HOST = "$(BUILT_PRODUCTS_DIR)/Gacha.app/Gacha";
			};
			name = Release;
		};
		4E9A69B71D06AD7900392318 /* Debug */ = {
			isa = XCBuildConfiguration;
			buildSettings = {
				INFOPLIST_FILE = GachaUITests/Info.plist;
				LD_RUNPATH_SEARCH_PATHS = "$(inherited) @executable_path/Frameworks @loader_path/Frameworks";
				PRODUCT_BUNDLE_IDENTIFIER = com.shiba.GachaUITests;
				PRODUCT_NAME = "$(TARGET_NAME)";
				TEST_TARGET_NAME = Gacha;
			};
			name = Debug;
		};
		4E9A69B81D06AD7900392318 /* Release */ = {
			isa = XCBuildConfiguration;
			buildSettings = {
				INFOPLIST_FILE = GachaUITests/Info.plist;
				LD_RUNPATH_SEARCH_PATHS = "$(inherited) @executable_path/Frameworks @loader_path/Frameworks";
				PRODUCT_BUNDLE_IDENTIFIER = com.shiba.GachaUITests;
				PRODUCT_NAME = "$(TARGET_NAME)";
				TEST_TARGET_NAME = Gacha;
			};
			name = Release;
		};
/* End XCBuildConfiguration section */

/* Begin XCConfigurationList section */
		4E9A69831D06AD7800392318 /* Build configuration list for PBXProject "Gacha" */ = {
			isa = XCConfigurationList;
			buildConfigurations = (
				4E9A69AE1D06AD7900392318 /* Debug */,
				4E9A69AF1D06AD7900392318 /* Release */,
			);
			defaultConfigurationIsVisible = 0;
			defaultConfigurationName = Release;
		};
		4E9A69B01D06AD7900392318 /* Build configuration list for PBXNativeTarget "Gacha" */ = {
			isa = XCConfigurationList;
			buildConfigurations = (
				4E9A69B11D06AD7900392318 /* Debug */,
				4E9A69B21D06AD7900392318 /* Release */,
			);
			defaultConfigurationIsVisible = 0;
			defaultConfigurationName = Release;
		};
		4E9A69B31D06AD7900392318 /* Build configuration list for PBXNativeTarget "GachaTests" */ = {
			isa = XCConfigurationList;
			buildConfigurations = (
				4E9A69B41D06AD7900392318 /* Debug */,
				4E9A69B51D06AD7900392318 /* Release */,
			);
			defaultConfigurationIsVisible = 0;
			defaultConfigurationName = Release;
		};
		4E9A69B61D06AD7900392318 /* Build configuration list for PBXNativeTarget "GachaUITests" */ = {
			isa = XCConfigurationList;
			buildConfigurations = (
				4E9A69B71D06AD7900392318 /* Debug */,
				4E9A69B81D06AD7900392318 /* Release */,
			);
			defaultConfigurationIsVisible = 0;
			defaultConfigurationName = Release;
		};
/* End XCConfigurationList section */
	};
	rootObject = 4E9A69801D06AD7800392318 /* Project object */;
}
